
Microsoft Visual Studio Solution File, Format Version 12.00
# Visual Studio 2013
VisualStudioVersion = 12.0.30501.0
MinimumVisualStudioVersion = 10.0.40219.1
Project("{FAE04EC0-301F-11D3-BF4B-00C04F79EFBC}") = "AmbulanceRescueSystem", "AmbulanceRescueSystem\AmbulanceRescueSystem.csproj", "{AE684B59-711C-4915-B721-940047E9B6E8}"
EndProject
Project("{FAE04EC0-301F-11D3-BF4B-00C04F79EFBC}") = "DriverLocationPlotter", "DriverLocationPlotter\DriverLocationPlotter.csproj", "{C784036F-D5B7-4F97-89FF-37FBCD233911}"
EndProject
Global
	GlobalSection(SolutionConfigurationPlatforms) = preSolution
		Debug|Any CPU = Debug|Any CPU
		Release|Any CPU = Release|Any CPU
	EndGlobalSection
	GlobalSection(ProjectConfigurationPlatforms) = postSolution
		{AE684B59-711C-4915-B721-940047E9B6E8}.Debug|Any CPU.ActiveCfg = Debug|Any CPU
		{AE684B59-711C-4915-B721-940047E9B6E8}.Debug|Any CPU.Build.0 = Debug|Any CPU
		{AE684B59-711C-4915-B721-940047E9B6E8}.Release|Any CPU.ActiveCfg = Release|Any CPU
		{AE684B59-711C-4915-B721-940047E9B6E8}.Release|Any CPU.Build.0 = Release|Any CPU
		{C784036F-D5B7-4F97-89FF-37FBCD233911}.Debug|Any CPU.ActiveCfg = Debug|Any CPU
		{C784036F-D5B7-4F97-89FF-37FBCD233911}.Debug|Any CPU.Build.0 = Debug|Any CPU
		{C784036F-D5B7-4F97-89FF-37FBCD233911}.Release|Any CPU.ActiveCfg = Release|Any CPU
		{C784036F-D5B7-4F97-89FF-37FBCD233911}.Release|Any CPU.Build.0 = Release|Any CPU
	EndGlobalSection
	GlobalSection(SolutionProperties) = preSolution
		HideSolutionNode = FALSE
	EndGlobalSection
EndGlobal
